
Microsoft Visual Studio Solution File, Format Version 12.00
# Visual Studio Version 16
VisualStudioVersion = 16.0.32602.291
MinimumVisualStudioVersion = 10.0.40219.1
Project("{8BC9CEB8-8B4A-11D0-8D11-00A0C91BC942}") = "SalesModel", "SalesModel\SalesModel.vcxproj", "{C65554A6-54BC-4F36-855B-C453BEF0BA01}"
EndProject
Project("{8BC9CEB8-8B4A-11D0-8D11-00A0C91BC942}") = "SalesApp", "SalesApp\SalesApp.vcxproj", "{EC0688B3-FE56-42D4-9B08-C66CED90D3A3}"
EndProject
Project("{8BC9CEB8-8B4A-11D0-8D11-00A0C91BC942}") = "SalesController", "SalesController\SalesController.vcxproj", "{20448E4D-D8B9-41C9-9B9B-855D15F0F86C}"
EndProject
Global
	GlobalSection(SolutionConfigurationPlatforms) = preSolution
		Debug|x64 = Debug|x64
		Debug|x86 = Debug|x86
		Release|x64 = Release|x64
		Release|x86 = Release|x86
	EndGlobalSection
	GlobalSection(ProjectConfigurationPlatforms) = postSolution
		{C65554A6-54BC-4F36-855B-C453BEF0BA01}.Debug|x64.ActiveCfg = Debug|x64
		{C65554A6-54BC-4F36-855B-C453BEF0BA01}.Debug|x64.Build.0 = Debug|x64
		{C65554A6-54BC-4F36-855B-C453BEF0BA01}.Debug|x86.ActiveCfg = Debug|Win32
		{C65554A6-54BC-4F36-855B-C453BEF0BA01}.Debug|x86.Build.0 = Debug|Win32
		{C65554A6-54BC-4F36-855B-C453BEF0BA01}.Release|x64.ActiveCfg = Release|x64
		{C65554A6-54BC-4F36-855B-C453BEF0BA01}.Release|x64.Build.0 = Release|x64
		{C65554A6-54BC-4F36-855B-C453BEF0BA01}.Release|x86.ActiveCfg = Release|Win32
		{C65554A6-54BC-4F36-855B-C453BEF0BA01}.Release|x86.Build.0 = Release|Win32
		{EC0688B3-FE56-42D4-9B08-C66CED90D3A3}.Debug|x64.ActiveCfg = Debug|x64
		{EC0688B3-FE56-42D4-9B08-C66CED90D3A3}.Debug|x64.Build.0 = Debug|x64
		{EC0688B3-FE56-42D4-9B08-C66CED90D3A3}.Debug|x86.ActiveCfg = Debug|Win32
		{EC0688B3-FE56-42D4-9B08-C66CED90D3A3}.Debug|x86.Build.0 = Debug|Win32
		{EC0688B3-FE56-42D4-9B08-C66CED90D3A3}.Release|x64.ActiveCfg = Release|x64
		{EC0688B3-FE56-42D4-9B08-C66CED90D3A3}.Release|x64.Build.0 = Release|x64
		{EC0688B3-FE56-42D4-9B08-C66CED90D3A3}.Release|x86.ActiveCfg = Release|Win32
		{EC0688B3-FE56-42D4-9B08-C66CED90D3A3}.Release|x86.Build.0 = Release|Win32
		{20448E4D-D8B9-41C9-9B9B-855D15F0F86C}.Debug|x64.ActiveCfg = Debug|x64
		{20448E4D-D8B9-41C9-9B9B-855D15F0F86C}.Debug|x64.Build.0 = Debug|x64
		{20448E4D-D8B9-41C9-9B9B-855D15F0F86C}.Debug|x86.ActiveCfg = Debug|Win32
		{20448E4D-D8B9-41C9-9B9B-855D15F0F86C}.Debug|x86.Build.0 = Debug|Win32
		{20448E4D-D8B9-41C9-9B9B-855D15F0F86C}.Release|x64.ActiveCfg = Release|x64
		{20448E4D-D8B9-41C9-9B9B-855D15F0F86C}.Release|x64.Build.0 = Release|x64
		{20448E4D-D8B9-41C9-9B9B-855D15F0F86C}.Release|x86.ActiveCfg = Release|Win32
		{20448E4D-D8B9-41C9-9B9B-855D15F0F86C}.Release|x86.Build.0 = Release|Win32
	EndGlobalSection
	GlobalSection(SolutionProperties) = preSolution
		HideSolutionNode = FALSE
	EndGlobalSection
	GlobalSection(ExtensibilityGlobals) = postSolution
		SolutionGuid = {70F5F3DE-1F09-48B9-BE34-DE2FD36835E0}
	EndGlobalSection
EndGlobal
